// !$*UTF8*$!
{
	archiveVersion = 1;
	classes = {
	};
	objectVersion = 56;
	objects = {

/* Begin PBXBuildFile section */
		A39F79672B3BFF2100076962 /* LiveActivityApp.swift in Sources */ = {isa = PBXBuildFile; fileRef = A39F79662B3BFF2100076962 /* LiveActivityApp.swift */; };
		A39F79692B3BFF2100076962 /* ContentView.swift in Sources */ = {isa = PBXBuildFile; fileRef = A39F79682B3BFF2100076962 /* ContentView.swift */; };
		A39F796B2B3BFF2400076962 /* Assets.xcassets in Resources */ = {isa = PBXBuildFile; fileRef = A39F796A2B3BFF2400076962 /* Assets.xcassets */; };
		A39F796E2B3BFF2400076962 /* Preview Assets.xcassets in Resources */ = {isa = PBXBuildFile; fileRef = A39F796D2B3BFF2400076962 /* Preview Assets.xcassets */; };
		A39F797B2B3C013300076962 /* WidgetKit.framework in Frameworks */ = {isa = PBXBuildFile; fileRef = A39F797A2B3C013300076962 /* WidgetKit.framework */; };
		A39F797D2B3C013300076962 /* SwiftUI.framework in Frameworks */ = {isa = PBXBuildFile; fileRef = A39F797C2B3C013300076962 /* SwiftUI.framework */; };
		A39F79802B3C013300076962 /* OrderStatusBundle.swift in Sources */ = {isa = PBXBuildFile; fileRef = A39F797F2B3C013300076962 /* OrderStatusBundle.swift */; };
		A39F79822B3C013300076962 /* OrderStatusLiveActivity.swift in Sources */ = {isa = PBXBuildFile; fileRef = A39F79812B3C013300076962 /* OrderStatusLiveActivity.swift */; };
		A39F79842B3C013300076962 /* OrderStatus.swift in Sources */ = {isa = PBXBuildFile; fileRef = A39F79832B3C013300076962 /* OrderStatus.swift */; };
		A39F79862B3C013300076962 /* AppIntent.swift in Sources */ = {isa = PBXBuildFile; fileRef = A39F79852B3C013300076962 /* AppIntent.swift */; };
		A39F79882B3C013700076962 /* Assets.xcassets in Resources */ = {isa = PBXBuildFile; fileRef = A39F79872B3C013700076962 /* Assets.xcassets */; };
		A39F798C2B3C013700076962 /* OrderStatusExtension.appex in Embed Foundation Extensions */ = {isa = PBXBuildFile; fileRef = A39F79782B3C013300076962 /* OrderStatusExtension.appex */; settings = {ATTRIBUTES = (RemoveHeadersOnCopy, ); }; };
		A39F79932B3C02B300076962 /* OrderAttributes.swift in Sources */ = {isa = PBXBuildFile; fileRef = A39F79922B3C02B300076962 /* OrderAttributes.swift */; };
		A39F79942B3C02EC00076962 /* OrderAttributes.swift in Sources */ = {isa = PBXBuildFile; fileRef = A39F79922B3C02B300076962 /* OrderAttributes.swift */; };
/* End PBXBuildFile section */

/* Begin PBXContainerItemProxy section */
		A39F798A2B3C013700076962 /* PBXContainerItemProxy */ = {
			isa = PBXContainerItemProxy;
			containerPortal = A39F795B2B3BFF2100076962 /* Project object */;
			proxyType = 1;
			remoteGlobalIDString = A39F79772B3C013300076962;
			remoteInfo = OrderStatusExtension;
		};
/* End PBXContainerItemProxy section */

/* Begin PBXCopyFilesBuildPhase section */
		A39F79902B3C013700076962 /* Embed Foundation Extensions */ = {
			isa = PBXCopyFilesBuildPhase;
			buildActionMask = 2147483647;
			dstPath = "";
			dstSubfolderSpec = 13;
			files = (
				A39F798C2B3C013700076962 /* OrderStatusExtension.appex in Embed Foundation Extensions */,
			);
			name = "Embed Foundation Extensions";
			runOnlyForDeploymentPostprocessing = 0;
		};
/* End PBXCopyFilesBuildPhase section */

/* Begin PBXFileReference section */
		A39F79632B3BFF2100076962 /* LiveActivity.app */ = {isa = PBXFileReference; explicitFileType = wrapper.application; includeInIndex = 0; path = LiveActivity.app; sourceTree = BUILT_PRODUCTS_DIR; };
		A39F79662B3BFF2100076962 /* LiveActivityApp.swift */ = {isa = PBXFileReference; lastKnownFileType = sourcecode.swift; path = LiveActivityApp.swift; sourceTree = "<group>"; };
		A39F79682B3BFF2100076962 /* ContentView.swift */ = {isa = PBXFileReference; lastKnownFileType = sourcecode.swift; path = ContentView.swift; sourceTree = "<group>"; };
		A39F796A2B3BFF2400076962 /* Assets.xcassets */ = {isa = PBXFileReference; lastKnownFileType = folder.assetcatalog; path = Assets.xcassets; sourceTree = "<group>"; };
		A39F796D2B3BFF2400076962 /* Preview Assets.xcassets */ = {isa = PBXFileReference; lastKnownFileType = folder.assetcatalog; path = "Preview Assets.xcassets"; sourceTree = "<group>"; };
		A39F79782B3C013300076962 /* OrderStatusExtension.appex */ = {isa = PBXFileReference; explicitFileType = "wrapper.app-extension"; includeInIndex = 0; path = OrderStatusExtension.appex; sourceTree = BUILT_PRODUCTS_DIR; };
		A39F797A2B3C013300076962 /* WidgetKit.framework */ = {isa = PBXFileReference; lastKnownFileType = wrapper.framework; name = WidgetKit.framework; path = System/Library/Frameworks/WidgetKit.framework; sourceTree = SDKROOT; };
		A39F797C2B3C013300076962 /* SwiftUI.framework */ = {isa = PBXFileReference; lastKnownFileType = wrapper.framework; name = SwiftUI.framework; path = System/Library/Frameworks/SwiftUI.framework; sourceTree = SDKROOT; };
		A39F797F2B3C013300076962 /* OrderStatusBundle.swift */ = {isa = PBXFileReference; lastKnownFileType = sourcecode.swift; path = OrderStatusBundle.swift; sourceTree = "<group>"; };
		A39F79812B3C013300076962 /* OrderStatusLiveActivity.swift */ = {isa = PBXFileReference; lastKnownFileType = sourcecode.swift; path = OrderStatusLiveActivity.swift; sourceTree = "<group>"; };
		A39F79832B3C013300076962 /* OrderStatus.swift */ = {isa = PBXFileReference; lastKnownFileType = sourcecode.swift; path = OrderStatus.swift; sourceTree = "<group>"; };
		A39F79852B3C013300076962 /* AppIntent.swift */ = {isa = PBXFileReference; lastKnownFileType = sourcecode.swift; path = AppIntent.swift; sourceTree = "<group>"; };
		A39F79872B3C013700076962 /* Assets.xcassets */ = {isa = PBXFileReference; lastKnownFileType = folder.assetcatalog; path = Assets.xcassets; sourceTree = "<group>"; };
		A39F79892B3C013700076962 /* Info.plist */ = {isa = PBXFileReference; lastKnownFileType = text.plist.xml; path = Info.plist; sourceTree = "<group>"; };
		A39F79922B3C02B300076962 /* OrderAttributes.swift */ = {isa = PBXFileReference; lastKnownFileType = sourcecode.swift; path = OrderAttributes.swift; sourceTree = "<group>"; };
		A39F79952B3C12A800076962 /* Info.plist */ = {isa = PBXFileReference; lastKnownFileType = text.plist; path = Info.plist; sourceTree = "<group>"; };
/* End PBXFileReference section */

/* Begin PBXFrameworksBuildPhase section */
		A39F79602B3BFF2100076962 /* Frameworks */ = {
			isa = PBXFrameworksBuildPhase;
			buildActionMask = 2147483647;
			files = (
			);
			runOnlyForDeploymentPostprocessing = 0;
		};
		A39F79752B3C013300076962 /* Frameworks */ = {
			isa = PBXFrameworksBuildPhase;
			buildActionMask = 2147483647;
			files = (
				A39F797D2B3C013300076962 /* SwiftUI.framework in Frameworks */,
				A39F797B2B3C013300076962 /* WidgetKit.framework in Frameworks */,
			);
			runOnlyForDeploymentPostprocessing = 0;
		};
/* End PBXFrameworksBuildPhase section */

/* Begin PBXGroup section */
		A39F795A2B3BFF2100076962 = {
			isa = PBXGroup;
			children = (
				A39F79652B3BFF2100076962 /* LiveActivity */,
				A39F797E2B3C013300076962 /* OrderStatus */,
				A39F79792B3C013300076962 /* Frameworks */,
				A39F79642B3BFF2100076962 /* Products */,
			);
			sourceTree = "<group>";
		};
		A39F79642B3BFF2100076962 /* Products */ = {
			isa = PBXGroup;
			children = (
				A39F79632B3BFF2100076962 /* LiveActivity.app */,
				A39F79782B3C013300076962 /* OrderStatusExtension.appex */,
			);
			name = Products;
			sourceTree = "<group>";
		};
		A39F79652B3BFF2100076962 /* LiveActivity */ = {
			isa = PBXGroup;
			children = (
				A39F79952B3C12A800076962 /* Info.plist */,
				A39F79662B3BFF2100076962 /* LiveActivityApp.swift */,
				A39F79682B3BFF2100076962 /* ContentView.swift */,
				A39F79912B3C029000076962 /* Model */,
				A39F796A2B3BFF2400076962 /* Assets.xcassets */,
				A39F796C2B3BFF2400076962 /* Preview Content */,
			);
			path = LiveActivity;
			sourceTree = "<group>";
		};
		A39F796C2B3BFF2400076962 /* Preview Content */ = {
			isa = PBXGroup;
			children = (
				A39F796D2B3BFF2400076962 /* Preview Assets.xcassets */,
			);
			path = "Preview Content";
			sourceTree = "<group>";
		};
		A39F79792B3C013300076962 /* Frameworks */ = {
			isa = PBXGroup;
			children = (
				A39F797A2B3C013300076962 /* WidgetKit.framework */,
				A39F797C2B3C013300076962 /* SwiftUI.framework */,
			);
			name = Frameworks;
			sourceTree = "<group>";
		};
		A39F797E2B3C013300076962 /* OrderStatus */ = {
			isa = PBXGroup;
			children = (
				A39F797F2B3C013300076962 /* OrderStatusBundle.swift */,
				A39F79812B3C013300076962 /* OrderStatusLiveActivity.swift */,
				A39F79832B3C013300076962 /* OrderStatus.swift */,
				A39F79852B3C013300076962 /* AppIntent.swift */,
				A39F79872B3C013700076962 /* Assets.xcassets */,
				A39F79892B3C013700076962 /* Info.plist */,
			);
			path = OrderStatus;
			sourceTree = "<group>";
		};
		A39F79912B3C029000076962 /* Model */ = {
			isa = PBXGroup;
			children = (
				A39F79922B3C02B300076962 /* OrderAttributes.swift */,
			);
			path = Model;
			sourceTree = "<group>";
		};
/* End PBXGroup section */

/* Begin PBXNativeTarget section */
		A39F79622B3BFF2100076962 /* LiveActivity */ = {
			isa = PBXNativeTarget;
			buildConfigurationList = A39F79712B3BFF2400076962 /* Build configuration list for PBXNativeTarget "LiveActivity" */;
			buildPhases = (
				A39F795F2B3BFF2100076962 /* Sources */,
				A39F79602B3BFF2100076962 /* Frameworks */,
				A39F79612B3BFF2100076962 /* Resources */,
				A39F79902B3C013700076962 /* Embed Foundation Extensions */,
			);
			buildRules = (
			);
			dependencies = (
				A39F798B2B3C013700076962 /* PBXTargetDependency */,
			);
			name = LiveActivity;
			productName = LiveActivity;
			productReference = A39F79632B3BFF2100076962 /* LiveActivity.app */;
			productType = "com.apple.product-type.application";
		};
		A39F79772B3C013300076962 /* OrderStatusExtension */ = {
			isa = PBXNativeTarget;
			buildConfigurationList = A39F798D2B3C013700076962 /* Build configuration list for PBXNativeTarget "OrderStatusExtension" */;
			buildPhases = (
				A39F79742B3C013300076962 /* Sources */,
				A39F79752B3C013300076962 /* Frameworks */,
				A39F79762B3C013300076962 /* Resources */,
			);
			buildRules = (
			);
			dependencies = (
			);
			name = OrderStatusExtension;
			productName = OrderStatusExtension;
			productReference = A39F79782B3C013300076962 /* OrderStatusExtension.appex */;
			productType = "com.apple.product-type.app-extension";
		};
/* End PBXNativeTarget section */

/* Begin PBXProject section */
		A39F795B2B3BFF2100076962 /* Project object */ = {
			isa = PBXProject;
			attributes = {
				BuildIndependentTargetsInParallel = 1;
				LastSwiftUpdateCheck = 1500;
				LastUpgradeCheck = 1500;
				TargetAttributes = {
					A39F79622B3BFF2100076962 = {
						CreatedOnToolsVersion = 15.0;
					};
					A39F79772B3C013300076962 = {
						CreatedOnToolsVersion = 15.0;
					};
				};
			};
			buildConfigurationList = A39F795E2B3BFF2100076962 /* Build configuration list for PBXProject "LiveActivity" */;
			compatibilityVersion = "Xcode 14.0";
			developmentRegion = en;
			hasScannedForEncodings = 0;
			knownRegions = (
				en,
				Base,
			);
			mainGroup = A39F795A2B3BFF2100076962;
			productRefGroup = A39F79642B3BFF2100076962 /* Products */;
			projectDirPath = "";
			projectRoot = "";
			targets = (
				A39F79622B3BFF2100076962 /* LiveActivity */,
				A39F79772B3C013300076962 /* OrderStatusExtension */,
			);
		};
/* End PBXProject section */

/* Begin PBXResourcesBuildPhase section */
		A39F79612B3BFF2100076962 /* Resources */ = {
			isa = PBXResourcesBuildPhase;
			buildActionMask = 2147483647;
			files = (
				A39F796E2B3BFF2400076962 /* Preview Assets.xcassets in Resources */,
				A39F796B2B3BFF2400076962 /* Assets.xcassets in Resources */,
			);
			runOnlyForDeploymentPostprocessing = 0;
		};
		A39F79762B3C013300076962 /* Resources */ = {
			isa = PBXResourcesBuildPhase;
			buildActionMask = 2147483647;
			files = (
				A39F79882B3C013700076962 /* Assets.xcassets in Resources */,
			);
			runOnlyForDeploymentPostprocessing = 0;
		};
/* End PBXResourcesBuildPhase section */

/* Begin PBXSourcesBuildPhase section */
		A39F795F2B3BFF2100076962 /* Sources */ = {
			isa = PBXSourcesBuildPhase;
			buildActionMask = 2147483647;
			files = (
				A39F79932B3C02B300076962 /* OrderAttributes.swift in Sources */,
				A39F79692B3BFF2100076962 /* ContentView.swift in Sources */,
				A39F79672B3BFF2100076962 /* LiveActivityApp.swift in Sources */,
			);
			runOnlyForDeploymentPostprocessing = 0;
		};
		A39F79742B3C013300076962 /* Sources */ = {
			isa = PBXSourcesBuildPhase;
			buildActionMask = 2147483647;
			files = (
				A39F79842B3C013300076962 /* OrderStatus.swift in Sources */,
				A39F79862B3C013300076962 /* AppIntent.swift in Sources */,
				A39F79942B3C02EC00076962 /* OrderAttributes.swift in Sources */,
				A39F79802B3C013300076962 /* OrderStatusBundle.swift in Sources */,
				A39F79822B3C013300076962 /* OrderStatusLiveActivity.swift in Sources */,
			);
			runOnlyForDeploymentPostprocessing = 0;
		};
/* End PBXSourcesBuildPhase section */

/* Begin PBXTargetDependency section */
		A39F798B2B3C013700076962 /* PBXTargetDependency */ = {
			isa = PBXTargetDependency;
			target = A39F79772B3C013300076962 /* OrderStatusExtension */;
			targetProxy = A39F798A2B3C013700076962 /* PBXContainerItemProxy */;
		};
/* End PBXTargetDependency section */

/* Begin XCBuildConfiguration section */
		A39F796F2B3BFF2400076962 /* Debug */ = {
			isa = XCBuildConfiguration;
			buildSettings = {
				ALWAYS_SEARCH_USER_PATHS = NO;
				ASSETCATALOG_COMPILER_GENERATE_SWIFT_ASSET_SYMBOL_EXTENSIONS = YES;
				CLANG_ANALYZER_NONNULL = YES;
				CLANG_ANALYZER_NUMBER_OBJECT_CONVERSION = YES_AGGRESSIVE;
				CLANG_CXX_LANGUAGE_STANDARD = "gnu++20";
				CLANG_ENABLE_MODULES = YES;
				CLANG_ENABLE_OBJC_ARC = YES;
				CLANG_ENABLE_OBJC_WEAK = YES;
				CLANG_WARN_BLOCK_CAPTURE_AUTORELEASING = YES;
				CLANG_WARN_BOOL_CONVERSION = YES;
				CLANG_WARN_COMMA = YES;
				CLANG_WARN_CONSTANT_CONVERSION = YES;
				CLANG_WARN_DEPRECATED_OBJC_IMPLEMENTATIONS = YES;
				CLANG_WARN_DIRECT_OBJC_ISA_USAGE = YES_ERROR;
				CLANG_WARN_DOCUMENTATION_COMMENTS = YES;
				CLANG_WARN_EMPTY_BODY = YES;
				CLANG_WARN_ENUM_CONVERSION = YES;
				CLANG_WARN_INFINITE_RECURSION = YES;
				CLANG_WARN_INT_CONVERSION = YES;
				CLANG_WARN_NON_LITERAL_NULL_CONVERSION = YES;
				CLANG_WARN_OBJC_IMPLICIT_RETAIN_SELF = YES;
				CLANG_WARN_OBJC_LITERAL_CONVERSION = YES;
				CLANG_WARN_OBJC_ROOT_CLASS = YES_ERROR;
				CLANG_WARN_QUOTED_INCLUDE_IN_FRAMEWORK_HEADER = YES;
				CLANG_WARN_RANGE_LOOP_ANALYSIS = YES;
				CLANG_WARN_STRICT_PROTOTYPES = YES;
				CLANG_WARN_SUSPICIOUS_MOVE = YES;
				CLANG_WARN_UNGUARDED_AVAILABILITY = YES_AGGRESSIVE;
				CLANG_WARN_UNREACHABLE_CODE = YES;
				CLANG_WARN__DUPLICATE_METHOD_MATCH = YES;
				COPY_PHASE_STRIP = NO;
				DEBUG_INFORMATION_FORMAT = dwarf;
				ENABLE_STRICT_OBJC_MSGSEND = YES;
				ENABLE_TESTABILITY = YES;
				ENABLE_USER_SCRIPT_SANDBOXING = YES;
				GCC_C_LANGUAGE_STANDARD = gnu17;
				GCC_DYNAMIC_NO_PIC = NO;
				GCC_NO_COMMON_BLOCKS = YES;
				GCC_OPTIMIZATION_LEVEL = 0;
				GCC_PREPROCESSOR_DEFINITIONS = (
					"DEBUG=1",
					"$(inherited)",
				);
				GCC_WARN_64_TO_32_BIT_CONVERSION = YES;
				GCC_WARN_ABOUT_RETURN_TYPE = YES_ERROR;
				GCC_WARN_UNDECLARED_SELECTOR = YES;
				GCC_WARN_UNINITIALIZED_AUTOS = YES_AGGRESSIVE;
				GCC_WARN_UNUSED_FUNCTION = YES;
				GCC_WARN_UNUSED_VARIABLE = YES;
				IPHONEOS_DEPLOYMENT_TARGET = 17.0;
				LOCALIZATION_PREFERS_STRING_CATALOGS = YES;
				MTL_ENABLE_DEBUG_INFO = INCLUDE_SOURCE;
				MTL_FAST_MATH = YES;
				ONLY_ACTIVE_ARCH = YES;
				SDKROOT = iphoneos;
				SWIFT_ACTIVE_COMPILATION_CONDITIONS = "DEBUG $(inherited)";
				SWIFT_OPTIMIZATION_LEVEL = "-Onone";
			};
			name = Debug;
		};
		A39F79702B3BFF2400076962 /* Release */ = {
			isa = XCBuildConfiguration;
			buildSettings = {
				ALWAYS_SEARCH_USER_PATHS = NO;
				ASSETCATALOG_COMPILER_GENERATE_SWIFT_ASSET_SYMBOL_EXTENSIONS = YES;
				CLANG_ANALYZER_NONNULL = YES;
				CLANG_ANALYZER_NUMBER_OBJECT_CONVERSION = YES_AGGRESSIVE;
				CLANG_CXX_LANGUAGE_STANDARD = "gnu++20";
				CLANG_ENABLE_MODULES = YES;
				CLANG_ENABLE_OBJC_ARC = YES;
				CLANG_ENABLE_OBJC_WEAK = YES;
				CLANG_WARN_BLOCK_CAPTURE_AUTORELEASING = YES;
				CLANG_WARN_BOOL_CONVERSION = YES;
				CLANG_WARN_COMMA = YES;
				CLANG_WARN_CONSTANT_CONVERSION = YES;
				CLANG_WARN_DEPRECATED_OBJC_IMPLEMENTATIONS = YES;
				CLANG_WARN_DIRECT_OBJC_ISA_USAGE = YES_ERROR;
				CLANG_WARN_DOCUMENTATION_COMMENTS = YES;
				CLANG_WARN_EMPTY_BODY = YES;
				CLANG_WARN_ENUM_CONVERSION = YES;
				CLANG_WARN_INFINITE_RECURSION = YES;
				CLANG_WARN_INT_CONVERSION = YES;
				CLANG_WARN_NON_LITERAL_NULL_CONVERSION = YES;
				CLANG_WARN_OBJC_IMPLICIT_RETAIN_SELF = YES;
				CLANG_WARN_OBJC_LITERAL_CONVERSION = YES;
				CLANG_WARN_OBJC_ROOT_CLASS = YES_ERROR;
				CLANG_WARN_QUOTED_INCLUDE_IN_FRAMEWORK_HEADER = YES;
				CLANG_WARN_RANGE_LOOP_ANALYSIS = YES;
				CLANG_WARN_STRICT_PROTOTYPES = YES;
				CLANG_WARN_SUSPICIOUS_MOVE = YES;
				CLANG_WARN_UNGUARDED_AVAILABILITY = YES_AGGRESSIVE;
				CLANG_WARN_UNREACHABLE_CODE = YES;
				CLANG_WARN__DUPLICATE_METHOD_MATCH = YES;
				COPY_PHASE_STRIP = NO;
				DEBUG_INFORMATION_FORMAT = "dwarf-with-dsym";
				ENABLE_NS_ASSERTIONS = NO;
				ENABLE_STRICT_OBJC_MSGSEND = YES;
				ENABLE_USER_SCRIPT_SANDBOXING = YES;
				GCC_C_LANGUAGE_STANDARD = gnu17;
				GCC_NO_COMMON_BLOCKS = YES;
				GCC_WARN_64_TO_32_BIT_CONVERSION = YES;
				GCC_WARN_ABOUT_RETURN_TYPE = YES_ERROR;
				GCC_WARN_UNDECLARED_SELECTOR = YES;
				GCC_WARN_UNINITIALIZED_AUTOS = YES_AGGRESSIVE;
				GCC_WARN_UNUSED_FUNCTION = YES;
				GCC_WARN_UNUSED_VARIABLE = YES;
				IPHONEOS_DEPLOYMENT_TARGET = 17.0;
				LOCALIZATION_PREFERS_STRING_CATALOGS = YES;
				MTL_ENABLE_DEBUG_INFO = NO;
				MTL_FAST_MATH = YES;
				SDKROOT = iphoneos;
				SWIFT_COMPILATION_MODE = wholemodule;
				VALIDATE_PRODUCT = YES;
			};
			name = Release;
		};
		A39F79722B3BFF2400076962 /* Debug */ = {
			isa = XCBuildConfiguration;
			buildSettings = {
				ALWAYS_EMBED_SWIFT_STANDARD_LIBRARIES = YES;
				ASSETCATALOG_COMPILER_APPICON_NAME = AppIcon;
				ASSETCATALOG_COMPILER_GLOBAL_ACCENT_COLOR_NAME = AccentColor;
				CODE_SIGN_STYLE = Automatic;
				CURRENT_PROJECT_VERSION = 1;
				DEVELOPMENT_ASSET_PATHS = "\"LiveActivity/Preview Content\"";
				DEVELOPMENT_TEAM = NU35GM8TLX;
				ENABLE_PREVIEWS = YES;
				GENERATE_INFOPLIST_FILE = YES;
				INFOPLIST_FILE = LiveActivity/Info.plist;
				INFOPLIST_KEY_NSSupportsLiveActivities = YES;
				INFOPLIST_KEY_UIApplicationSceneManifest_Generation = YES;
				INFOPLIST_KEY_UIApplicationSupportsIndirectInputEvents = YES;
				INFOPLIST_KEY_UILaunchScreen_Generation = YES;
				INFOPLIST_KEY_UISupportedInterfaceOrientations_iPad = "UIInterfaceOrientationPortrait UIInterfaceOrientationPortraitUpsideDown UIInterfaceOrientationLandscapeLeft UIInterfaceOrientationLandscapeRight";
				INFOPLIST_KEY_UISupportedInterfaceOrientations_iPhone = "UIInterfaceOrientationPortrait UIInterfaceOrientationLandscapeLeft UIInterfaceOrientationLandscapeRight";
				IPHONEOS_DEPLOYMENT_TARGET = 17.0;
				LD_RUNPATH_SEARCH_PATHS = (
					"$(inherited)",
					"@executable_path/Frameworks",
				);
				MARKETING_VERSION = 1.0;
				PRODUCT_BUNDLE_IDENTIFIER = com.doris.LiveActivity;
				PRODUCT_NAME = "$(TARGET_NAME)";
				SWIFT_EMIT_LOC_STRINGS = YES;
				SWIFT_VERSION = 5.0;
				TARGETED_DEVICE_FAMILY = "1,2";
			};
			name = Debug;
		};
		A39F79732B3BFF2400076962 /* Release */ = {
			isa = XCBuildConfiguration;
			buildSettings = {
				ALWAYS_EMBED_SWIFT_STANDARD_LIBRARIES = YES;
				ASSETCATALOG_COMPILER_APPICON_NAME = AppIcon;
				ASSETCATALOG_COMPILER_GLOBAL_ACCENT_COLOR_NAME = AccentColor;
				CODE_SIGN_STYLE = Automatic;
				CURRENT_PROJECT_VERSION = 1;
				DEVELOPMENT_ASSET_PATHS = "\"LiveActivity/Preview Content\"";
				DEVELOPMENT_TEAM = NU35GM8TLX;
				ENABLE_PREVIEWS = YES;
				GENERATE_INFOPLIST_FILE = YES;
				INFOPLIST_FILE = LiveActivity/Info.plist;
				INFOPLIST_KEY_NSSupportsLiveActivities = YES;
				INFOPLIST_KEY_UIApplicationSceneManifest_Generation = YES;
				INFOPLIST_KEY_UIApplicationSupportsIndirectInputEvents = YES;
				INFOPLIST_KEY_UILaunchScreen_Generation = YES;
				INFOPLIST_KEY_UISupportedInterfaceOrientations_iPad = "UIInterfaceOrientationPortrait UIInterfaceOrientationPortraitUpsideDown UIInterfaceOrientationLandscapeLeft UIInterfaceOrientationLandscapeRight";
				INFOPLIST_KEY_UISupportedInterfaceOrientations_iPhone = "UIInterfaceOrientationPortrait UIInterfaceOrientationLandscapeLeft UIInterfaceOrientationLandscapeRight";
				IPHONEOS_DEPLOYMENT_TARGET = 17.0;
				LD_RUNPATH_SEARCH_PATHS = (
					"$(inherited)",
					"@executable_path/Frameworks",
				);
				MARKETING_VERSION = 1.0;
				PRODUCT_BUNDLE_IDENTIFIER = com.doris.LiveActivity;
				PRODUCT_NAME = "$(TARGET_NAME)";
				SWIFT_EMIT_LOC_STRINGS = YES;
				SWIFT_VERSION = 5.0;
				TARGETED_DEVICE_FAMILY = "1,2";
			};
			name = Release;
		};
		A39F798E2B3C013700076962 /* Debug */ = {
			isa = XCBuildConfiguration;
			buildSettings = {
				ASSETCATALOG_COMPILER_GLOBAL_ACCENT_COLOR_NAME = AccentColor;
				ASSETCATALOG_COMPILER_WIDGET_BACKGROUND_COLOR_NAME = WidgetBackground;
				CODE_SIGN_STYLE = Automatic;
				CURRENT_PROJECT_VERSION = 1;
				DEVELOPMENT_TEAM = NU35GM8TLX;
				GENERATE_INFOPLIST_FILE = YES;
				INFOPLIST_FILE = OrderStatus/Info.plist;
				INFOPLIST_KEY_CFBundleDisplayName = OrderStatus;
				INFOPLIST_KEY_NSHumanReadableCopyright = "";
				LD_RUNPATH_SEARCH_PATHS = (
					"$(inherited)",
					"@executable_path/Frameworks",
					"@executable_path/../../Frameworks",
				);
				MARKETING_VERSION = 1.0;
				PRODUCT_BUNDLE_IDENTIFIER = com.doris.LiveActivity.OrderStatus;
				PRODUCT_NAME = "$(TARGET_NAME)";
				SKIP_INSTALL = YES;
				SWIFT_EMIT_LOC_STRINGS = YES;
				SWIFT_VERSION = 5.0;
				TARGETED_DEVICE_FAMILY = "1,2";
			};
			name = Debug;
		};
		A39F798F2B3C013700076962 /* Release */ = {
			isa = XCBuildConfiguration;
			buildSettings = {
				ASSETCATALOG_COMPILER_GLOBAL_ACCENT_COLOR_NAME = AccentColor;
				ASSETCATALOG_COMPILER_WIDGET_BACKGROUND_COLOR_NAME = WidgetBackground;
				CODE_SIGN_STYLE = Automatic;
				CURRENT_PROJECT_VERSION = 1;
				DEVELOPMENT_TEAM = NU35GM8TLX;
				GENERATE_INFOPLIST_FILE = YES;
				INFOPLIST_FILE = OrderStatus/Info.plist;
				INFOPLIST_KEY_CFBundleDisplayName = OrderStatus;
				INFOPLIST_KEY_NSHumanReadableCopyright = "";
				LD_RUNPATH_SEARCH_PATHS = (
					"$(inherited)",
					"@executable_path/Frameworks",
					"@executable_path/../../Frameworks",
				);
				MARKETING_VERSION = 1.0;
				PRODUCT_BUNDLE_IDENTIFIER = com.doris.LiveActivity.OrderStatus;
				PRODUCT_NAME = "$(TARGET_NAME)";
				SKIP_INSTALL = YES;
				SWIFT_EMIT_LOC_STRINGS = YES;
				SWIFT_VERSION = 5.0;
				TARGETED_DEVICE_FAMILY = "1,2";
			};
			name = Release;
		};
/* End XCBuildConfiguration section */

/* Begin XCConfigurationList section */
		A39F795E2B3BFF2100076962 /* Build configuration list for PBXProject "LiveActivity" */ = {
			isa = XCConfigurationList;
			buildConfigurations = (
				A39F796F2B3BFF2400076962 /* Debug */,
				A39F79702B3BFF2400076962 /* Release */,
			);
			defaultConfigurationIsVisible = 0;
			defaultConfigurationName = Release;
		};
		A39F79712B3BFF2400076962 /* Build configuration list for PBXNativeTarget "LiveActivity" */ = {
			isa = XCConfigurationList;
			buildConfigurations = (
				A39F79722B3BFF2400076962 /* Debug */,
				A39F79732B3BFF2400076962 /* Release */,
			);
			defaultConfigurationIsVisible = 0;
			defaultConfigurationName = Release;
		};
		A39F798D2B3C013700076962 /* Build configuration list for PBXNativeTarget "OrderStatusExtension" */ = {
			isa = XCConfigurationList;
			buildConfigurations = (
				A39F798E2B3C013700076962 /* Debug */,
				A39F798F2B3C013700076962 /* Release */,
			);
			defaultConfigurationIsVisible = 0;
			defaultConfigurationName = Release;
		};
/* End XCConfigurationList section */
	};
	rootObject = A39F795B2B3BFF2100076962 /* Project object */;
}
